// !$*UTF8*$!
{
	archiveVersion = 1;
	classes = {
	};
	objectVersion = 50;
	objects = {

/* Begin PBXBuildFile section */
		7F1B3E9224859B7D00108222 /* AppDelegate.swift in Sources */ = {isa = PBXBuildFile; fileRef = 7F1B3E9124859B7D00108222 /* AppDelegate.swift */; };
		7F1B3E9424859B7D00108222 /* SceneDelegate.swift in Sources */ = {isa = PBXBuildFile; fileRef = 7F1B3E9324859B7D00108222 /* SceneDelegate.swift */; };
		7F1B3E9924859B7D00108222 /* Main.storyboard in Resources */ = {isa = PBXBuildFile; fileRef = 7F1B3E9724859B7D00108222 /* Main.storyboard */; };
		7F1B3E9C24859B7D00108222 /* CoreImageViewController.xcdatamodeld in Sources */ = {isa = PBXBuildFile; fileRef = 7F1B3E9A24859B7D00108222 /* CoreImageViewController.xcdatamodeld */; };
		7F1B3E9E24859B7E00108222 /* Assets.xcassets in Resources */ = {isa = PBXBuildFile; fileRef = 7F1B3E9D24859B7E00108222 /* Assets.xcassets */; };
		7F1B3EA124859B7E00108222 /* LaunchScreen.storyboard in Resources */ = {isa = PBXBuildFile; fileRef = 7F1B3E9F24859B7E00108222 /* LaunchScreen.storyboard */; };
		7F1B3EAC24859B7E00108222 /* CoreImageViewControllerTests.swift in Sources */ = {isa = PBXBuildFile; fileRef = 7F1B3EAB24859B7E00108222 /* CoreImageViewControllerTests.swift */; };
		7F1B3EB724859B7E00108222 /* CoreImageViewControllerUITests.swift in Sources */ = {isa = PBXBuildFile; fileRef = 7F1B3EB624859B7E00108222 /* CoreImageViewControllerUITests.swift */; };
		7F1B3EC624859DA000108222 /* PostImageViewController.swift in Sources */ = {isa = PBXBuildFile; fileRef = 7F1B3EC524859DA000108222 /* PostImageViewController.swift */; };
		7F1B3EC92485A13F00108222 /* UIImage+Scaling.swift in Sources */ = {isa = PBXBuildFile; fileRef = 7F1B3EC82485A13F00108222 /* UIImage+Scaling.swift */; };
/* End PBXBuildFile section */

/* Begin PBXContainerItemProxy section */
		7F1B3EA824859B7E00108222 /* PBXContainerItemProxy */ = {
			isa = PBXContainerItemProxy;
			containerPortal = 7F1B3E8624859B7D00108222 /* Project object */;
			proxyType = 1;
			remoteGlobalIDString = 7F1B3E8D24859B7D00108222;
			remoteInfo = CoreImageViewController;
		};
		7F1B3EB324859B7E00108222 /* PBXContainerItemProxy */ = {
			isa = PBXContainerItemProxy;
			containerPortal = 7F1B3E8624859B7D00108222 /* Project object */;
			proxyType = 1;
			remoteGlobalIDString = 7F1B3E8D24859B7D00108222;
			remoteInfo = CoreImageViewController;
		};
/* End PBXContainerItemProxy section */

/* Begin PBXFileReference section */
		7F1B3E8E24859B7D00108222 /* CoreImageViewController.app */ = {isa = PBXFileReference; explicitFileType = wrapper.application; includeInIndex = 0; path = CoreImageViewController.app; sourceTree = BUILT_PRODUCTS_DIR; };
		7F1B3E9124859B7D00108222 /* AppDelegate.swift */ = {isa = PBXFileReference; lastKnownFileType = sourcecode.swift; path = AppDelegate.swift; sourceTree = "<group>"; };
		7F1B3E9324859B7D00108222 /* SceneDelegate.swift */ = {isa = PBXFileReference; lastKnownFileType = sourcecode.swift; path = SceneDelegate.swift; sourceTree = "<group>"; };
		7F1B3E9824859B7D00108222 /* Base */ = {isa = PBXFileReference; lastKnownFileType = file.storyboard; name = Base; path = Base.lproj/Main.storyboard; sourceTree = "<group>"; };
		7F1B3E9B24859B7D00108222 /* CoreImageViewController.xcdatamodel */ = {isa = PBXFileReference; lastKnownFileType = wrapper.xcdatamodel; path = CoreImageViewController.xcdatamodel; sourceTree = "<group>"; };
		7F1B3E9D24859B7E00108222 /* Assets.xcassets */ = {isa = PBXFileReference; lastKnownFileType = folder.assetcatalog; path = Assets.xcassets; sourceTree = "<group>"; };
		7F1B3EA024859B7E00108222 /* Base */ = {isa = PBXFileReference; lastKnownFileType = file.storyboard; name = Base; path = Base.lproj/LaunchScreen.storyboard; sourceTree = "<group>"; };
		7F1B3EA224859B7E00108222 /* Info.plist */ = {isa = PBXFileReference; lastKnownFileType = text.plist.xml; path = Info.plist; sourceTree = "<group>"; };
		7F1B3EA724859B7E00108222 /* CoreImageViewControllerTests.xctest */ = {isa = PBXFileReference; explicitFileType = wrapper.cfbundle; includeInIndex = 0; path = CoreImageViewControllerTests.xctest; sourceTree = BUILT_PRODUCTS_DIR; };
		7F1B3EAB24859B7E00108222 /* CoreImageViewControllerTests.swift */ = {isa = PBXFileReference; lastKnownFileType = sourcecode.swift; path = CoreImageViewControllerTests.swift; sourceTree = "<group>"; };
		7F1B3EAD24859B7E00108222 /* Info.plist */ = {isa = PBXFileReference; lastKnownFileType = text.plist.xml; path = Info.plist; sourceTree = "<group>"; };
		7F1B3EB224859B7E00108222 /* CoreImageViewControllerUITests.xctest */ = {isa = PBXFileReference; explicitFileType = wrapper.cfbundle; includeInIndex = 0; path = CoreImageViewControllerUITests.xctest; sourceTree = BUILT_PRODUCTS_DIR; };
		7F1B3EB624859B7E00108222 /* CoreImageViewControllerUITests.swift */ = {isa = PBXFileReference; lastKnownFileType = sourcecode.swift; path = CoreImageViewControllerUITests.swift; sourceTree = "<group>"; };
		7F1B3EB824859B7E00108222 /* Info.plist */ = {isa = PBXFileReference; lastKnownFileType = text.plist.xml; path = Info.plist; sourceTree = "<group>"; };
		7F1B3EC524859DA000108222 /* PostImageViewController.swift */ = {isa = PBXFileReference; lastKnownFileType = sourcecode.swift; path = PostImageViewController.swift; sourceTree = "<group>"; };
		7F1B3EC82485A13F00108222 /* UIImage+Scaling.swift */ = {isa = PBXFileReference; lastKnownFileType = sourcecode.swift; path = "UIImage+Scaling.swift"; sourceTree = "<group>"; };
/* End PBXFileReference section */

/* Begin PBXFrameworksBuildPhase section */
		7F1B3E8B24859B7D00108222 /* Frameworks */ = {
			isa = PBXFrameworksBuildPhase;
			buildActionMask = 2147483647;
			files = (
			);
			runOnlyForDeploymentPostprocessing = 0;
		};
		7F1B3EA424859B7E00108222 /* Frameworks */ = {
			isa = PBXFrameworksBuildPhase;
			buildActionMask = 2147483647;
			files = (
			);
			runOnlyForDeploymentPostprocessing = 0;
		};
		7F1B3EAF24859B7E00108222 /* Frameworks */ = {
			isa = PBXFrameworksBuildPhase;
			buildActionMask = 2147483647;
			files = (
			);
			runOnlyForDeploymentPostprocessing = 0;
		};
/* End PBXFrameworksBuildPhase section */

/* Begin PBXGroup section */
		7F1B3E8524859B7D00108222 = {
			isa = PBXGroup;
			children = (
				7F1B3E9024859B7D00108222 /* CoreImageViewController */,
				7F1B3EAA24859B7E00108222 /* CoreImageViewControllerTests */,
				7F1B3EB524859B7E00108222 /* CoreImageViewControllerUITests */,
				7F1B3E8F24859B7D00108222 /* Products */,
			);
			sourceTree = "<group>";
		};
		7F1B3E8F24859B7D00108222 /* Products */ = {
			isa = PBXGroup;
			children = (
				7F1B3E8E24859B7D00108222 /* CoreImageViewController.app */,
				7F1B3EA724859B7E00108222 /* CoreImageViewControllerTests.xctest */,
				7F1B3EB224859B7E00108222 /* CoreImageViewControllerUITests.xctest */,
			);
			name = Products;
			sourceTree = "<group>";
		};
		7F1B3E9024859B7D00108222 /* CoreImageViewController */ = {
			isa = PBXGroup;
			children = (
				7F1B3EC72485A12F00108222 /* Helper Filers */,
				7F1B3EC424859D7600108222 /* ViewControllers */,
				7F1B3E9124859B7D00108222 /* AppDelegate.swift */,
				7F1B3E9324859B7D00108222 /* SceneDelegate.swift */,
				7F1B3E9724859B7D00108222 /* Main.storyboard */,
				7F1B3E9D24859B7E00108222 /* Assets.xcassets */,
				7F1B3E9F24859B7E00108222 /* LaunchScreen.storyboard */,
				7F1B3EA224859B7E00108222 /* Info.plist */,
				7F1B3E9A24859B7D00108222 /* CoreImageViewController.xcdatamodeld */,
			);
			path = CoreImageViewController;
			sourceTree = "<group>";
		};
		7F1B3EAA24859B7E00108222 /* CoreImageViewControllerTests */ = {
			isa = PBXGroup;
			children = (
				7F1B3EAB24859B7E00108222 /* CoreImageViewControllerTests.swift */,
				7F1B3EAD24859B7E00108222 /* Info.plist */,
			);
			path = CoreImageViewControllerTests;
			sourceTree = "<group>";
		};
		7F1B3EB524859B7E00108222 /* CoreImageViewControllerUITests */ = {
			isa = PBXGroup;
			children = (
				7F1B3EB624859B7E00108222 /* CoreImageViewControllerUITests.swift */,
				7F1B3EB824859B7E00108222 /* Info.plist */,
			);
			path = CoreImageViewControllerUITests;
			sourceTree = "<group>";
		};
		7F1B3EC424859D7600108222 /* ViewControllers */ = {
			isa = PBXGroup;
			children = (
				7F1B3EC524859DA000108222 /* PostImageViewController.swift */,
			);
			name = ViewControllers;
			sourceTree = "<group>";
		};
		7F1B3EC72485A12F00108222 /* Helper Filers */ = {
			isa = PBXGroup;
			children = (
				7F1B3EC82485A13F00108222 /* UIImage+Scaling.swift */,
			);
			path = "Helper Filers";
			sourceTree = "<group>";
		};
/* End PBXGroup section */

/* Begin PBXNativeTarget section */
		7F1B3E8D24859B7D00108222 /* CoreImageViewController */ = {
			isa = PBXNativeTarget;
			buildConfigurationList = 7F1B3EBB24859B7E00108222 /* Build configuration list for PBXNativeTarget "CoreImageViewController" */;
			buildPhases = (
				7F1B3E8A24859B7D00108222 /* Sources */,
				7F1B3E8B24859B7D00108222 /* Frameworks */,
				7F1B3E8C24859B7D00108222 /* Resources */,
			);
			buildRules = (
			);
			dependencies = (
			);
			name = CoreImageViewController;
			productName = CoreImageViewController;
			productReference = 7F1B3E8E24859B7D00108222 /* CoreImageViewController.app */;
			productType = "com.apple.product-type.application";
		};
		7F1B3EA624859B7E00108222 /* CoreImageViewControllerTests */ = {
			isa = PBXNativeTarget;
			buildConfigurationList = 7F1B3EBE24859B7E00108222 /* Build configuration list for PBXNativeTarget "CoreImageViewControllerTests" */;
			buildPhases = (
				7F1B3EA324859B7E00108222 /* Sources */,
				7F1B3EA424859B7E00108222 /* Frameworks */,
				7F1B3EA524859B7E00108222 /* Resources */,
			);
			buildRules = (
			);
			dependencies = (
				7F1B3EA924859B7E00108222 /* PBXTargetDependency */,
			);
			name = CoreImageViewControllerTests;
			productName = CoreImageViewControllerTests;
			productReference = 7F1B3EA724859B7E00108222 /* CoreImageViewControllerTests.xctest */;
			productType = "com.apple.product-type.bundle.unit-test";
		};
		7F1B3EB124859B7E00108222 /* CoreImageViewControllerUITests */ = {
			isa = PBXNativeTarget;
			buildConfigurationList = 7F1B3EC124859B7E00108222 /* Build configuration list for PBXNativeTarget "CoreImageViewControllerUITests" */;
			buildPhases = (
				7F1B3EAE24859B7E00108222 /* Sources */,
				7F1B3EAF24859B7E00108222 /* Frameworks */,
				7F1B3EB024859B7E00108222 /* Resources */,
			);
			buildRules = (
			);
			dependencies = (
				7F1B3EB424859B7E00108222 /* PBXTargetDependency */,
			);
			name = CoreImageViewControllerUITests;
			productName = CoreImageViewControllerUITests;
			productReference = 7F1B3EB224859B7E00108222 /* CoreImageViewControllerUITests.xctest */;
			productType = "com.apple.product-type.bundle.ui-testing";
		};
/* End PBXNativeTarget section */

/* Begin PBXProject section */
		7F1B3E8624859B7D00108222 /* Project object */ = {
			isa = PBXProject;
			attributes = {
				LastSwiftUpdateCheck = 1150;
				LastUpgradeCheck = 1150;
				ORGANIZATIONNAME = "Casanova Studios";
				TargetAttributes = {
					7F1B3E8D24859B7D00108222 = {
						CreatedOnToolsVersion = 11.5;
					};
					7F1B3EA624859B7E00108222 = {
						CreatedOnToolsVersion = 11.5;
						TestTargetID = 7F1B3E8D24859B7D00108222;
					};
					7F1B3EB124859B7E00108222 = {
						CreatedOnToolsVersion = 11.5;
						TestTargetID = 7F1B3E8D24859B7D00108222;
					};
				};
			};
			buildConfigurationList = 7F1B3E8924859B7D00108222 /* Build configuration list for PBXProject "CoreImageViewController" */;
			compatibilityVersion = "Xcode 9.3";
			developmentRegion = en;
			hasScannedForEncodings = 0;
			knownRegions = (
				en,
				Base,
			);
			mainGroup = 7F1B3E8524859B7D00108222;
			productRefGroup = 7F1B3E8F24859B7D00108222 /* Products */;
			projectDirPath = "";
			projectRoot = "";
			targets = (
				7F1B3E8D24859B7D00108222 /* CoreImageViewController */,
				7F1B3EA624859B7E00108222 /* CoreImageViewControllerTests */,
				7F1B3EB124859B7E00108222 /* CoreImageViewControllerUITests */,
			);
		};
/* End PBXProject section */

/* Begin PBXResourcesBuildPhase section */
		7F1B3E8C24859B7D00108222 /* Resources */ = {
			isa = PBXResourcesBuildPhase;
			buildActionMask = 2147483647;
			files = (
				7F1B3EA124859B7E00108222 /* LaunchScreen.storyboard in Resources */,
				7F1B3E9E24859B7E00108222 /* Assets.xcassets in Resources */,
				7F1B3E9924859B7D00108222 /* Main.storyboard in Resources */,
			);
			runOnlyForDeploymentPostprocessing = 0;
		};
		7F1B3EA524859B7E00108222 /* Resources */ = {
			isa = PBXResourcesBuildPhase;
			buildActionMask = 2147483647;
			files = (
			);
			runOnlyForDeploymentPostprocessing = 0;
		};
		7F1B3EB024859B7E00108222 /* Resources */ = {
			isa = PBXResourcesBuildPhase;
			buildActionMask = 2147483647;
			files = (
			);
			runOnlyForDeploymentPostprocessing = 0;
		};
/* End PBXResourcesBuildPhase section */

/* Begin PBXSourcesBuildPhase section */
		7F1B3E8A24859B7D00108222 /* Sources */ = {
			isa = PBXSourcesBuildPhase;
			buildActionMask = 2147483647;
			files = (
				7F1B3EC624859DA000108222 /* PostImageViewController.swift in Sources */,
				7F1B3EC92485A13F00108222 /* UIImage+Scaling.swift in Sources */,
				7F1B3E9224859B7D00108222 /* AppDelegate.swift in Sources */,
				7F1B3E9424859B7D00108222 /* SceneDelegate.swift in Sources */,
				7F1B3E9C24859B7D00108222 /* CoreImageViewController.xcdatamodeld in Sources */,
			);
			runOnlyForDeploymentPostprocessing = 0;
		};
		7F1B3EA324859B7E00108222 /* Sources */ = {
			isa = PBXSourcesBuildPhase;
			buildActionMask = 2147483647;
			files = (
				7F1B3EAC24859B7E00108222 /* CoreImageViewControllerTests.swift in Sources */,
			);
			runOnlyForDeploymentPostprocessing = 0;
		};
		7F1B3EAE24859B7E00108222 /* Sources */ = {
			isa = PBXSourcesBuildPhase;
			buildActionMask = 2147483647;
			files = (
				7F1B3EB724859B7E00108222 /* CoreImageViewControllerUITests.swift in Sources */,
			);
			runOnlyForDeploymentPostprocessing = 0;
		};
/* End PBXSourcesBuildPhase section */

/* Begin PBXTargetDependency section */
		7F1B3EA924859B7E00108222 /* PBXTargetDependency */ = {
			isa = PBXTargetDependency;
			target = 7F1B3E8D24859B7D00108222 /* CoreImageViewController */;
			targetProxy = 7F1B3EA824859B7E00108222 /* PBXContainerItemProxy */;
		};
		7F1B3EB424859B7E00108222 /* PBXTargetDependency */ = {
			isa = PBXTargetDependency;
			target = 7F1B3E8D24859B7D00108222 /* CoreImageViewController */;
			targetProxy = 7F1B3EB324859B7E00108222 /* PBXContainerItemProxy */;
		};
/* End PBXTargetDependency section */

/* Begin PBXVariantGroup section */
		7F1B3E9724859B7D00108222 /* Main.storyboard */ = {
			isa = PBXVariantGroup;
			children = (
				7F1B3E9824859B7D00108222 /* Base */,
			);
			name = Main.storyboard;
			sourceTree = "<group>";
		};
		7F1B3E9F24859B7E00108222 /* LaunchScreen.storyboard */ = {
			isa = PBXVariantGroup;
			children = (
				7F1B3EA024859B7E00108222 /* Base */,
			);
			name = LaunchScreen.storyboard;
			sourceTree = "<group>";
		};
/* End PBXVariantGroup section */

/* Begin XCBuildConfiguration section */
		7F1B3EB924859B7E00108222 /* Debug */ = {
			isa = XCBuildConfiguration;
			buildSettings = {
				ALWAYS_SEARCH_USER_PATHS = NO;
				CLANG_ANALYZER_NONNULL = YES;
				CLANG_ANALYZER_NUMBER_OBJECT_CONVERSION = YES_AGGRESSIVE;
				CLANG_CXX_LANGUAGE_STANDARD = "gnu++14";
				CLANG_CXX_LIBRARY = "libc++";
				CLANG_ENABLE_MODULES = YES;
				CLANG_ENABLE_OBJC_ARC = YES;
				CLANG_ENABLE_OBJC_WEAK = YES;
				CLANG_WARN_BLOCK_CAPTURE_AUTORELEASING = YES;
				CLANG_WARN_BOOL_CONVERSION = YES;
				CLANG_WARN_COMMA = YES;
				CLANG_WARN_CONSTANT_CONVERSION = YES;
				CLANG_WARN_DEPRECATED_OBJC_IMPLEMENTATIONS = YES;
				CLANG_WARN_DIRECT_OBJC_ISA_USAGE = YES_ERROR;
				CLANG_WARN_DOCUMENTATION_COMMENTS = YES;
				CLANG_WARN_EMPTY_BODY = YES;
				CLANG_WARN_ENUM_CONVERSION = YES;
				CLANG_WARN_INFINITE_RECURSION = YES;
				CLANG_WARN_INT_CONVERSION = YES;
				CLANG_WARN_NON_LITERAL_NULL_CONVERSION = YES;
				CLANG_WARN_OBJC_IMPLICIT_RETAIN_SELF = YES;
				CLANG_WARN_OBJC_LITERAL_CONVERSION = YES;
				CLANG_WARN_OBJC_ROOT_CLASS = YES_ERROR;
				CLANG_WARN_RANGE_LOOP_ANALYSIS = YES;
				CLANG_WARN_STRICT_PROTOTYPES = YES;
				CLANG_WARN_SUSPICIOUS_MOVE = YES;
				CLANG_WARN_UNGUARDED_AVAILABILITY = YES_AGGRESSIVE;
				CLANG_WARN_UNREACHABLE_CODE = YES;
				CLANG_WARN__DUPLICATE_METHOD_MATCH = YES;
				COPY_PHASE_STRIP = NO;
				DEBUG_INFORMATION_FORMAT = dwarf;
				ENABLE_STRICT_OBJC_MSGSEND = YES;
				ENABLE_TESTABILITY = YES;
				GCC_C_LANGUAGE_STANDARD = gnu11;
				GCC_DYNAMIC_NO_PIC = NO;
				GCC_NO_COMMON_BLOCKS = YES;
				GCC_OPTIMIZATION_LEVEL = 0;
				GCC_PREPROCESSOR_DEFINITIONS = (
					"DEBUG=1",
					"$(inherited)",
				);
				GCC_WARN_64_TO_32_BIT_CONVERSION = YES;
				GCC_WARN_ABOUT_RETURN_TYPE = YES_ERROR;
				GCC_WARN_UNDECLARED_SELECTOR = YES;
				GCC_WARN_UNINITIALIZED_AUTOS = YES_AGGRESSIVE;
				GCC_WARN_UNUSED_FUNCTION = YES;
				GCC_WARN_UNUSED_VARIABLE = YES;
				IPHONEOS_DEPLOYMENT_TARGET = 13.5;
				MTL_ENABLE_DEBUG_INFO = INCLUDE_SOURCE;
				MTL_FAST_MATH = YES;
				ONLY_ACTIVE_ARCH = YES;
				SDKROOT = iphoneos;
				SWIFT_ACTIVE_COMPILATION_CONDITIONS = DEBUG;
				SWIFT_OPTIMIZATION_LEVEL = "-Onone";
			};
			name = Debug;
		};
		7F1B3EBA24859B7E00108222 /* Release */ = {
			isa = XCBuildConfiguration;
			buildSettings = {
				ALWAYS_SEARCH_USER_PATHS = NO;
				CLANG_ANALYZER_NONNULL = YES;
				CLANG_ANALYZER_NUMBER_OBJECT_CONVERSION = YES_AGGRESSIVE;
				CLANG_CXX_LANGUAGE_STANDARD = "gnu++14";
				CLANG_CXX_LIBRARY = "libc++";
				CLANG_ENABLE_MODULES = YES;
				CLANG_ENABLE_OBJC_ARC = YES;
				CLANG_ENABLE_OBJC_WEAK = YES;
				CLANG_WARN_BLOCK_CAPTURE_AUTORELEASING = YES;
				CLANG_WARN_BOOL_CONVERSION = YES;
				CLANG_WARN_COMMA = YES;
				CLANG_WARN_CONSTANT_CONVERSION = YES;
				CLANG_WARN_DEPRECATED_OBJC_IMPLEMENTATIONS = YES;
				CLANG_WARN_DIRECT_OBJC_ISA_USAGE = YES_ERROR;
				CLANG_WARN_DOCUMENTATION_COMMENTS = YES;
				CLANG_WARN_EMPTY_BODY = YES;
				CLANG_WARN_ENUM_CONVERSION = YES;
				CLANG_WARN_INFINITE_RECURSION = YES;
				CLANG_WARN_INT_CONVERSION = YES;
				CLANG_WARN_NON_LITERAL_NULL_CONVERSION = YES;
				CLANG_WARN_OBJC_IMPLICIT_RETAIN_SELF = YES;
				CLANG_WARN_OBJC_LITERAL_CONVERSION = YES;
				CLANG_WARN_OBJC_ROOT_CLASS = YES_ERROR;
				CLANG_WARN_RANGE_LOOP_ANALYSIS = YES;
				CLANG_WARN_STRICT_PROTOTYPES = YES;
				CLANG_WARN_SUSPICIOUS_MOVE = YES;
				CLANG_WARN_UNGUARDED_AVAILABILITY = YES_AGGRESSIVE;
				CLANG_WARN_UNREACHABLE_CODE = YES;
				CLANG_WARN__DUPLICATE_METHOD_MATCH = YES;
				COPY_PHASE_STRIP = NO;
				DEBUG_INFORMATION_FORMAT = "dwarf-with-dsym";
				ENABLE_NS_ASSERTIONS = NO;
				ENABLE_STRICT_OBJC_MSGSEND = YES;
				GCC_C_LANGUAGE_STANDARD = gnu11;
				GCC_NO_COMMON_BLOCKS = YES;
				GCC_WARN_64_TO_32_BIT_CONVERSION = YES;
				GCC_WARN_ABOUT_RETURN_TYPE = YES_ERROR;
				GCC_WARN_UNDECLARED_SELECTOR = YES;
				GCC_WARN_UNINITIALIZED_AUTOS = YES_AGGRESSIVE;
				GCC_WARN_UNUSED_FUNCTION = YES;
				GCC_WARN_UNUSED_VARIABLE = YES;
				IPHONEOS_DEPLOYMENT_TARGET = 13.5;
				MTL_ENABLE_DEBUG_INFO = NO;
				MTL_FAST_MATH = YES;
				SDKROOT = iphoneos;
				SWIFT_COMPILATION_MODE = wholemodule;
				SWIFT_OPTIMIZATION_LEVEL = "-O";
				VALIDATE_PRODUCT = YES;
			};
			name = Release;
		};
		7F1B3EBC24859B7E00108222 /* Debug */ = {
			isa = XCBuildConfiguration;
			buildSettings = {
				ASSETCATALOG_COMPILER_APPICON_NAME = AppIcon;
				CODE_SIGN_STYLE = Automatic;
				DEVELOPMENT_TEAM = HL3XLM68NV;
				INFOPLIST_FILE = CoreImageViewController/Info.plist;
				LD_RUNPATH_SEARCH_PATHS = (
					"$(inherited)",
					"@executable_path/Frameworks",
				);
				PRODUCT_BUNDLE_IDENTIFIER = CasanovaStudios.CoreImageViewController;
				PRODUCT_NAME = "$(TARGET_NAME)";
				SWIFT_VERSION = 5.0;
				TARGETED_DEVICE_FAMILY = "1,2";
			};
			name = Debug;
		};
		7F1B3EBD24859B7E00108222 /* Release */ = {
			isa = XCBuildConfiguration;
			buildSettings = {
				ASSETCATALOG_COMPILER_APPICON_NAME = AppIcon;
				CODE_SIGN_STYLE = Automatic;
				DEVELOPMENT_TEAM = HL3XLM68NV;
				INFOPLIST_FILE = CoreImageViewController/Info.plist;
				LD_RUNPATH_SEARCH_PATHS = (
					"$(inherited)",
					"@executable_path/Frameworks",
				);
				PRODUCT_BUNDLE_IDENTIFIER = CasanovaStudios.CoreImageViewController;
				PRODUCT_NAME = "$(TARGET_NAME)";
				SWIFT_VERSION = 5.0;
				TARGETED_DEVICE_FAMILY = "1,2";
			};
			name = Release;
		};
		7F1B3EBF24859B7E00108222 /* Debug */ = {
			isa = XCBuildConfiguration;
			buildSettings = {
				ALWAYS_EMBED_SWIFT_STANDARD_LIBRARIES = YES;
				BUNDLE_LOADER = "$(TEST_HOST)";
				CODE_SIGN_STYLE = Automatic;
				DEVELOPMENT_TEAM = HL3XLM68NV;
				INFOPLIST_FILE = CoreImageViewControllerTests/Info.plist;
				IPHONEOS_DEPLOYMENT_TARGET = 13.5;
				LD_RUNPATH_SEARCH_PATHS = (
					"$(inherited)",
					"@executable_path/Frameworks",
					"@loader_path/Frameworks",
				);
				PRODUCT_BUNDLE_IDENTIFIER = CasanovaStudios.CoreImageViewControllerTests;
				PRODUCT_NAME = "$(TARGET_NAME)";
				SWIFT_VERSION = 5.0;
				TARGETED_DEVICE_FAMILY = "1,2";
				TEST_HOST = "$(BUILT_PRODUCTS_DIR)/CoreImageViewController.app/CoreImageViewController";
			};
			name = Debug;
		};
		7F1B3EC024859B7E00108222 /* Release */ = {
			isa = XCBuildConfiguration;
			buildSettings = {
				ALWAYS_EMBED_SWIFT_STANDARD_LIBRARIES = YES;
				BUNDLE_LOADER = "$(TEST_HOST)";
				CODE_SIGN_STYLE = Automatic;
				DEVELOPMENT_TEAM = HL3XLM68NV;
				INFOPLIST_FILE = CoreImageViewControllerTests/Info.plist;
				IPHONEOS_DEPLOYMENT_TARGET = 13.5;
				LD_RUNPATH_SEARCH_PATHS = (
					"$(inherited)",
					"@executable_path/Frameworks",
					"@loader_path/Frameworks",
				);
				PRODUCT_BUNDLE_IDENTIFIER = CasanovaStudios.CoreImageViewControllerTests;
				PRODUCT_NAME = "$(TARGET_NAME)";
				SWIFT_VERSION = 5.0;
				TARGETED_DEVICE_FAMILY = "1,2";
				TEST_HOST = "$(BUILT_PRODUCTS_DIR)/CoreImageViewController.app/CoreImageViewController";
			};
			name = Release;
		};
		7F1B3EC224859B7E00108222 /* Debug */ = {
			isa = XCBuildConfiguration;
			buildSettings = {
				ALWAYS_EMBED_SWIFT_STANDARD_LIBRARIES = YES;
				CODE_SIGN_STYLE = Automatic;
				DEVELOPMENT_TEAM = HL3XLM68NV;
				INFOPLIST_FILE = CoreImageViewControllerUITests/Info.plist;
				LD_RUNPATH_SEARCH_PATHS = (
					"$(inherited)",
					"@executable_path/Frameworks",
					"@loader_path/Frameworks",
				);
				PRODUCT_BUNDLE_IDENTIFIER = CasanovaStudios.CoreImageViewControllerUITests;
				PRODUCT_NAME = "$(TARGET_NAME)";
				SWIFT_VERSION = 5.0;
				TARGETED_DEVICE_FAMILY = "1,2";
				TEST_TARGET_NAME = CoreImageViewController;
			};
			name = Debug;
		};
		7F1B3EC324859B7E00108222 /* Release */ = {
			isa = XCBuildConfiguration;
			buildSettings = {
				ALWAYS_EMBED_SWIFT_STANDARD_LIBRARIES = YES;
				CODE_SIGN_STYLE = Automatic;
				DEVELOPMENT_TEAM = HL3XLM68NV;
				INFOPLIST_FILE = CoreImageViewControllerUITests/Info.plist;
				LD_RUNPATH_SEARCH_PATHS = (
					"$(inherited)",
					"@executable_path/Frameworks",
					"@loader_path/Frameworks",
				);
				PRODUCT_BUNDLE_IDENTIFIER = CasanovaStudios.CoreImageViewControllerUITests;
				PRODUCT_NAME = "$(TARGET_NAME)";
				SWIFT_VERSION = 5.0;
				TARGETED_DEVICE_FAMILY = "1,2";
				TEST_TARGET_NAME = CoreImageViewController;
			};
			name = Release;
		};
/* End XCBuildConfiguration section */

/* Begin XCConfigurationList section */
		7F1B3E8924859B7D00108222 /* Build configuration list for PBXProject "CoreImageViewController" */ = {
			isa = XCConfigurationList;
			buildConfigurations = (
				7F1B3EB924859B7E00108222 /* Debug */,
				7F1B3EBA24859B7E00108222 /* Release */,
			);
			defaultConfigurationIsVisible = 0;
			defaultConfigurationName = Release;
		};
		7F1B3EBB24859B7E00108222 /* Build configuration list for PBXNativeTarget "CoreImageViewController" */ = {
			isa = XCConfigurationList;
			buildConfigurations = (
				7F1B3EBC24859B7E00108222 /* Debug */,
				7F1B3EBD24859B7E00108222 /* Release */,
			);
			defaultConfigurationIsVisible = 0;
			defaultConfigurationName = Release;
		};
		7F1B3EBE24859B7E00108222 /* Build configuration list for PBXNativeTarget "CoreImageViewControllerTests" */ = {
			isa = XCConfigurationList;
			buildConfigurations = (
				7F1B3EBF24859B7E00108222 /* Debug */,
				7F1B3EC024859B7E00108222 /* Release */,
			);
			defaultConfigurationIsVisible = 0;
			defaultConfigurationName = Release;
		};
		7F1B3EC124859B7E00108222 /* Build configuration list for PBXNativeTarget "CoreImageViewControllerUITests" */ = {
			isa = XCConfigurationList;
			buildConfigurations = (
				7F1B3EC224859B7E00108222 /* Debug */,
				7F1B3EC324859B7E00108222 /* Release */,
			);
			defaultConfigurationIsVisible = 0;
			defaultConfigurationName = Release;
		};
/* End XCConfigurationList section */

/* Begin XCVersionGroup section */
		7F1B3E9A24859B7D00108222 /* CoreImageViewController.xcdatamodeld */ = {
			isa = XCVersionGroup;
			children = (
				7F1B3E9B24859B7D00108222 /* CoreImageViewController.xcdatamodel */,
			);
			currentVersion = 7F1B3E9B24859B7D00108222 /* CoreImageViewController.xcdatamodel */;
			path = CoreImageViewController.xcdatamodeld;
			sourceTree = "<group>";
			versionGroupType = wrapper.xcdatamodel;
		};
/* End XCVersionGroup section */
	};
	rootObject = 7F1B3E8624859B7D00108222 /* Project object */;
}
